
Microsoft Visual Studio Solution File, Format Version 12.00
Project("{FAE04EC0-301F-11D3-BF4B-00C04F79EFBC}") = "RecruitmentApi1.0", "RecruitmentApi1.0\RecruitmentApi1.0.csproj", "{CD7C82E8-E877-40D4-B448-B444CD2948CA}"
EndProject
Global
	GlobalSection(SolutionConfigurationPlatforms) = preSolution
		Debug|Any CPU = Debug|Any CPU
		Release|Any CPU = Release|Any CPU
	EndGlobalSection
	GlobalSection(ProjectConfigurationPlatforms) = postSolution
		{CD7C82E8-E877-40D4-B448-B444CD2948CA}.Debug|Any CPU.ActiveCfg = Debug|Any CPU
		{CD7C82E8-E877-40D4-B448-B444CD2948CA}.Debug|Any CPU.Build.0 = Debug|Any CPU
		{CD7C82E8-E877-40D4-B448-B444CD2948CA}.Release|Any CPU.ActiveCfg = Release|Any CPU
		{CD7C82E8-E877-40D4-B448-B444CD2948CA}.Release|Any CPU.Build.0 = Release|Any CPU
	EndGlobalSection
EndGlobal
